{
  "name": "Chef_It",
  "lockfileVersion": 3,
  "requires": true,
  "packages": {
    "": {
      "dependencies": {
        "@expo-google-fonts/montserrat": "^0.2.3"
      }
    },
    "node_modules/@expo-google-fonts/montserrat": {
      "version": "0.2.3",
      "resolved": "https://registry.npmjs.org/@expo-google-fonts/montserrat/-/montserrat-0.2.3.tgz",
      "integrity": "sha512-9imhwIs6j5uyTkTxoNplC5T8ERES1W98ZgF7kf7OaypnbcoLoIW0wKH6oudecZyiEqoSktC7epkRpj+UEUvzWg=="
    }
  }
}
